{
  "version": 4,
  "terraform_version": "1.6.3",
  "serial": 9,
  "lineage": "91589beb-35ef-b92a-3417-1da04f0cb0bb",
  "outputs": {},
  "resources": [
    {
      "mode": "data",
      "type": "aws_ssm_parameter",
      "name": "webserver-ami",
      "provider": "provider[\"registry.terraform.io/hashicorp/aws\"]",
      "instances": [
        {
          "schema_version": 0,
          "attributes": {
            "arn": "arn:aws:ssm:us-east-1::parameter/aws/service/ami-amazon-linux-latest/amzn2-ami-hvm-x86_64-gp2",
            "id": "/aws/service/ami-amazon-linux-latest/amzn2-ami-hvm-x86_64-gp2",
            "name": "/aws/service/ami-amazon-linux-latest/amzn2-ami-hvm-x86_64-gp2",
            "type": "String",
            "value": "ami-0588935a949f9ff17",
            "version": 102,
            "with_decryption": true
          },
          "sensitive_attributes": []
        }
      ]
    },
    {
      "mode": "managed",
      "type": "aws_key_pair",
      "name": "aws-key",
      "provider": "provider[\"registry.terraform.io/hashicorp/aws\"]",
      "instances": [
        {
          "schema_version": 1,
          "attributes": {
            "arn": "arn:aws:ec2:us-east-1:675290194192:key-pair/ansible-db",
            "fingerprint": "09:1c:fb:8b:ca:89:87:ed:65:2d:47:e2:88:ab:e8:32",
            "id": "ansible-db",
            "key_name": "ansible-db",
            "key_name_prefix": "",
            "key_pair_id": "key-04445380e3e013898",
            "key_type": "rsa",
            "public_key": "ssh-rsa AAAAB3NzaC1yc2EAAAADAQABAAABgQDBG22D//T0NrDyLFbAc54MbeSKSUNYr+jRi+/XIwxE31ubvJ6OIrGpCpTuqNhhh18O+pS9EQyUQIjbZ/gDimnrttKXdE2dEfwVImqKbCYcfHg+/E2pZsYW1XZwwDaXlieP2Z3nTI53yQ5o1d21rj6qYIj1xmGwIyt2wKq7yE9tR8z6a7ZarNpxAqKcljyrbYVZk+qTDncwD1YQvzJx4T8CJkQ7faWFtRmFm0Tsa6AlGlFS8oZqLB66ORvN0zQLEHD7oCojnUwR7iI0zv+ge1TVv6jGkTrQ6OfZrJUHig3o9xZhsblr9YU1WXKo+agdcYiKfinpnaXGAse2tgw8k+fpk+kqgk2E5zc/u+yt/gRffVP54RHzhLmS/tPwFPgyCd/nzUYkNEkCzinEla7CeF9ZQVxoFBc6lnLycqF3uueFvRx7GfNX19UTliHtDN3bwXCfZBwb7cfCkxFGkd6IXLO6wqgYGAhC6BnTibvEErOx4esCVujqzPZfh0qOa+OAaf0= sarah@DESKTOP-HU4T57U",
            "tags": null,
            "tags_all": {}
          },
          "sensitive_attributes": [],
          "private": "eyJzY2hlbWFfdmVyc2lvbiI6IjEifQ=="
        }
      ]
    }
  ],
  "check_results": null
}
